
Microsoft Visual Studio Solution File, Format Version 12.00
# Visual Studio Version 17
VisualStudioVersion = 17.2.32602.215
MinimumVisualStudioVersion = 10.0.40219.1
Project("{FAE04EC0-301F-11D3-BF4B-00C04F79EFBC}") = "MagicVilla_VillaAPI", "MagicVilla_VillaAPI\MagicVilla_VillaAPI.csproj", "{845C6D47-EFA4-469A-B19A-28EDDAB8AE27}"
EndProject
Global
	GlobalSection(SolutionConfigurationPlatforms) = preSolution
		Debug|Any CPU = Debug|Any CPU
		Release|Any CPU = Release|Any CPU
	EndGlobalSection
	GlobalSection(ProjectConfigurationPlatforms) = postSolution
		{845C6D47-EFA4-469A-B19A-28EDDAB8AE27}.Debug|Any CPU.ActiveCfg = Debug|Any CPU
		{845C6D47-EFA4-469A-B19A-28EDDAB8AE27}.Debug|Any CPU.Build.0 = Debug|Any CPU
		{845C6D47-EFA4-469A-B19A-28EDDAB8AE27}.Release|Any CPU.ActiveCfg = Release|Any CPU
		{845C6D47-EFA4-469A-B19A-28EDDAB8AE27}.Release|Any CPU.Build.0 = Release|Any CPU
	EndGlobalSection
	GlobalSection(SolutionProperties) = preSolution
		HideSolutionNode = FALSE
	EndGlobalSection
	GlobalSection(ExtensibilityGlobals) = postSolution
		SolutionGuid = {D3D4589C-915F-4CF9-AF4D-24A7B17F1DAE}
	EndGlobalSection
EndGlobal
